// !$*UTF8*$!
{
	archiveVersion = 1;
	classes = {
	};
	objectVersion = 46;
	objects = {

/* Begin PBXBuildFile section */
		021437911EC3CBD0003E922E /* Heap.cpp in Sources */ = {isa = PBXBuildFile; fileRef = 0214378F1EC3CBD0003E922E /* Heap.cpp */; };
		0295FDB71EBC644C009506CD /* main.cpp in Sources */ = {isa = PBXBuildFile; fileRef = 0295FDB61EBC644C009506CD /* main.cpp */; };
		0295FDBF1EBC65EB009506CD /* Person.cpp in Sources */ = {isa = PBXBuildFile; fileRef = 0295FDBD1EBC65EB009506CD /* Person.cpp */; };
		0295FDC71EBF0387009506CD /* Dictionary.cpp in Sources */ = {isa = PBXBuildFile; fileRef = 0295FDC51EBF0387009506CD /* Dictionary.cpp */; };
/* End PBXBuildFile section */

/* Begin PBXCopyFilesBuildPhase section */
		0295FDB11EBC644C009506CD /* CopyFiles */ = {
			isa = PBXCopyFilesBuildPhase;
			buildActionMask = 2147483647;
			dstPath = /usr/share/man/man1/;
			dstSubfolderSpec = 0;
			files = (
			);
			runOnlyForDeploymentPostprocessing = 1;
		};
/* End PBXCopyFilesBuildPhase section */

/* Begin PBXFileReference section */
		0214378F1EC3CBD0003E922E /* Heap.cpp */ = {isa = PBXFileReference; fileEncoding = 4; lastKnownFileType = sourcecode.cpp.cpp; path = Heap.cpp; sourceTree = "<group>"; };
		021437901EC3CBD0003E922E /* Heap.hpp */ = {isa = PBXFileReference; fileEncoding = 4; lastKnownFileType = sourcecode.cpp.h; path = Heap.hpp; sourceTree = "<group>"; };
		0295FDB31EBC644C009506CD /* CS 110C Assignment 10: Birthdays */ = {isa = PBXFileReference; explicitFileType = "compiled.mach-o.executable"; includeInIndex = 0; path = "CS 110C Assignment 10: Birthdays"; sourceTree = BUILT_PRODUCTS_DIR; };
		0295FDB61EBC644C009506CD /* main.cpp */ = {isa = PBXFileReference; lastKnownFileType = sourcecode.cpp.cpp; path = main.cpp; sourceTree = "<group>"; };
		0295FDBD1EBC65EB009506CD /* Person.cpp */ = {isa = PBXFileReference; fileEncoding = 4; lastKnownFileType = sourcecode.cpp.cpp; path = Person.cpp; sourceTree = "<group>"; };
		0295FDBE1EBC65EB009506CD /* Person.hpp */ = {isa = PBXFileReference; fileEncoding = 4; lastKnownFileType = sourcecode.cpp.h; path = Person.hpp; sourceTree = "<group>"; };
		0295FDC51EBF0387009506CD /* Dictionary.cpp */ = {isa = PBXFileReference; fileEncoding = 4; lastKnownFileType = sourcecode.cpp.cpp; path = Dictionary.cpp; sourceTree = "<group>"; };
		0295FDC61EBF0387009506CD /* Dictionary.hpp */ = {isa = PBXFileReference; fileEncoding = 4; lastKnownFileType = sourcecode.cpp.h; path = Dictionary.hpp; sourceTree = "<group>"; };
/* End PBXFileReference section */

/* Begin PBXFrameworksBuildPhase section */
		0295FDB01EBC644C009506CD /* Frameworks */ = {
			isa = PBXFrameworksBuildPhase;
			buildActionMask = 2147483647;
			files = (
			);
			runOnlyForDeploymentPostprocessing = 0;
		};
/* End PBXFrameworksBuildPhase section */

/* Begin PBXGroup section */
		021437921EC3CBD7003E922E /* Heap */ = {
			isa = PBXGroup;
			children = (
				021437901EC3CBD0003E922E /* Heap.hpp */,
				0214378F1EC3CBD0003E922E /* Heap.cpp */,
			);
			name = Heap;
			sourceTree = "<group>";
		};
		0295FDAA1EBC644C009506CD = {
			isa = PBXGroup;
			children = (
				0295FDB51EBC644C009506CD /* CS 110C Assignment 10: Birthdays */,
				0295FDB41EBC644C009506CD /* Products */,
			);
			sourceTree = "<group>";
		};
		0295FDB41EBC644C009506CD /* Products */ = {
			isa = PBXGroup;
			children = (
				0295FDB31EBC644C009506CD /* CS 110C Assignment 10: Birthdays */,
			);
			name = Products;
			sourceTree = "<group>";
		};
		0295FDB51EBC644C009506CD /* CS 110C Assignment 10: Birthdays */ = {
			isa = PBXGroup;
			children = (
				0295FDB61EBC644C009506CD /* main.cpp */,
				021437921EC3CBD7003E922E /* Heap */,
				0295FDC81EBF038B009506CD /* Dictionary */,
				0295FDC01EBC65F1009506CD /* Person */,
			);
			path = "CS 110C Assignment 10: Birthdays";
			sourceTree = "<group>";
		};
		0295FDC01EBC65F1009506CD /* Person */ = {
			isa = PBXGroup;
			children = (
				0295FDBE1EBC65EB009506CD /* Person.hpp */,
				0295FDBD1EBC65EB009506CD /* Person.cpp */,
			);
			name = Person;
			sourceTree = "<group>";
		};
		0295FDC81EBF038B009506CD /* Dictionary */ = {
			isa = PBXGroup;
			children = (
				0295FDC61EBF0387009506CD /* Dictionary.hpp */,
				0295FDC51EBF0387009506CD /* Dictionary.cpp */,
			);
			name = Dictionary;
			sourceTree = "<group>";
		};
/* End PBXGroup section */

/* Begin PBXNativeTarget section */
		0295FDB21EBC644C009506CD /* CS 110C Assignment 10: Birthdays */ = {
			isa = PBXNativeTarget;
			buildConfigurationList = 0295FDBA1EBC644C009506CD /* Build configuration list for PBXNativeTarget "CS 110C Assignment 10: Birthdays" */;
			buildPhases = (
				0295FDAF1EBC644C009506CD /* Sources */,
				0295FDB01EBC644C009506CD /* Frameworks */,
				0295FDB11EBC644C009506CD /* CopyFiles */,
			);
			buildRules = (
			);
			dependencies = (
			);
			name = "CS 110C Assignment 10: Birthdays";
			productName = "CS 110C Assignment 10: Birthdays";
			productReference = 0295FDB31EBC644C009506CD /* CS 110C Assignment 10: Birthdays */;
			productType = "com.apple.product-type.tool";
		};
/* End PBXNativeTarget section */

/* Begin PBXProject section */
		0295FDAB1EBC644C009506CD /* Project object */ = {
			isa = PBXProject;
			attributes = {
				LastUpgradeCheck = 0810;
				ORGANIZATIONNAME = "vasyl golub";
				TargetAttributes = {
					0295FDB21EBC644C009506CD = {
						CreatedOnToolsVersion = 8.1;
						ProvisioningStyle = Automatic;
					};
				};
			};
			buildConfigurationList = 0295FDAE1EBC644C009506CD /* Build configuration list for PBXProject "CS 110C Assignment 10: Birthdays" */;
			compatibilityVersion = "Xcode 3.2";
			developmentRegion = English;
			hasScannedForEncodings = 0;
			knownRegions = (
				en,
			);
			mainGroup = 0295FDAA1EBC644C009506CD;
			productRefGroup = 0295FDB41EBC644C009506CD /* Products */;
			projectDirPath = "";
			projectRoot = "";
			targets = (
				0295FDB21EBC644C009506CD /* CS 110C Assignment 10: Birthdays */,
			);
		};
/* End PBXProject section */

/* Begin PBXSourcesBuildPhase section */
		0295FDAF1EBC644C009506CD /* Sources */ = {
			isa = PBXSourcesBuildPhase;
			buildActionMask = 2147483647;
			files = (
				0295FDBF1EBC65EB009506CD /* Person.cpp in Sources */,
				0295FDB71EBC644C009506CD /* main.cpp in Sources */,
				0295FDC71EBF0387009506CD /* Dictionary.cpp in Sources */,
				021437911EC3CBD0003E922E /* Heap.cpp in Sources */,
			);
			runOnlyForDeploymentPostprocessing = 0;
		};
/* End PBXSourcesBuildPhase section */

/* Begin XCBuildConfiguration section */
		0295FDB81EBC644C009506CD /* Debug */ = {
			isa = XCBuildConfiguration;
			buildSettings = {
				ALWAYS_SEARCH_USER_PATHS = NO;
				CLANG_ANALYZER_NONNULL = YES;
				CLANG_CXX_LANGUAGE_STANDARD = "gnu++0x";
				CLANG_CXX_LIBRARY = "libc++";
				CLANG_ENABLE_MODULES = YES;
				CLANG_ENABLE_OBJC_ARC = YES;
				CLANG_WARN_BOOL_CONVERSION = YES;
				CLANG_WARN_CONSTANT_CONVERSION = YES;
				CLANG_WARN_DIRECT_OBJC_ISA_USAGE = YES_ERROR;
				CLANG_WARN_DOCUMENTATION_COMMENTS = YES;
				CLANG_WARN_EMPTY_BODY = YES;
				CLANG_WARN_ENUM_CONVERSION = YES;
				CLANG_WARN_INFINITE_RECURSION = YES;
				CLANG_WARN_INT_CONVERSION = YES;
				CLANG_WARN_OBJC_ROOT_CLASS = YES_ERROR;
				CLANG_WARN_SUSPICIOUS_MOVES = YES;
				CLANG_WARN_UNREACHABLE_CODE = YES;
				CLANG_WARN__DUPLICATE_METHOD_MATCH = YES;
				CODE_SIGN_IDENTITY = "-";
				COPY_PHASE_STRIP = NO;
				DEBUG_INFORMATION_FORMAT = dwarf;
				ENABLE_STRICT_OBJC_MSGSEND = YES;
				ENABLE_TESTABILITY = YES;
				GCC_C_LANGUAGE_STANDARD = gnu99;
				GCC_DYNAMIC_NO_PIC = NO;
				GCC_NO_COMMON_BLOCKS = YES;
				GCC_OPTIMIZATION_LEVEL = 0;
				GCC_PREPROCESSOR_DEFINITIONS = (
					"DEBUG=1",
					"$(inherited)",
				);
				GCC_WARN_64_TO_32_BIT_CONVERSION = YES;
				GCC_WARN_ABOUT_RETURN_TYPE = YES_ERROR;
				GCC_WARN_UNDECLARED_SELECTOR = YES;
				GCC_WARN_UNINITIALIZED_AUTOS = YES_AGGRESSIVE;
				GCC_WARN_UNUSED_FUNCTION = YES;
				GCC_WARN_UNUSED_VARIABLE = YES;
				MACOSX_DEPLOYMENT_TARGET = 10.11;
				MTL_ENABLE_DEBUG_INFO = YES;
				ONLY_ACTIVE_ARCH = YES;
				SDKROOT = macosx;
			};
			name = Debug;
		};
		0295FDB91EBC644C009506CD /* Release */ = {
			isa = XCBuildConfiguration;
			buildSettings = {
				ALWAYS_SEARCH_USER_PATHS = NO;
				CLANG_ANALYZER_NONNULL = YES;
				CLANG_CXX_LANGUAGE_STANDARD = "gnu++0x";
				CLANG_CXX_LIBRARY = "libc++";
				CLANG_ENABLE_MODULES = YES;
				CLANG_ENABLE_OBJC_ARC = YES;
				CLANG_WARN_BOOL_CONVERSION = YES;
				CLANG_WARN_CONSTANT_CONVERSION = YES;
				CLANG_WARN_DIRECT_OBJC_ISA_USAGE = YES_ERROR;
				CLANG_WARN_DOCUMENTATION_COMMENTS = YES;
				CLANG_WARN_EMPTY_BODY = YES;
				CLANG_WARN_ENUM_CONVERSION = YES;
				CLANG_WARN_INFINITE_RECURSION = YES;
				CLANG_WARN_INT_CONVERSION = YES;
				CLANG_WARN_OBJC_ROOT_CLASS = YES_ERROR;
				CLANG_WARN_SUSPICIOUS_MOVES = YES;
				CLANG_WARN_UNREACHABLE_CODE = YES;
				CLANG_WARN__DUPLICATE_METHOD_MATCH = YES;
				CODE_SIGN_IDENTITY = "-";
				COPY_PHASE_STRIP = NO;
				DEBUG_INFORMATION_FORMAT = "dwarf-with-dsym";
				ENABLE_NS_ASSERTIONS = NO;
				ENABLE_STRICT_OBJC_MSGSEND = YES;
				GCC_C_LANGUAGE_STANDARD = gnu99;
				GCC_NO_COMMON_BLOCKS = YES;
				GCC_WARN_64_TO_32_BIT_CONVERSION = YES;
				GCC_WARN_ABOUT_RETURN_TYPE = YES_ERROR;
				GCC_WARN_UNDECLARED_SELECTOR = YES;
				GCC_WARN_UNINITIALIZED_AUTOS = YES_AGGRESSIVE;
				GCC_WARN_UNUSED_FUNCTION = YES;
				GCC_WARN_UNUSED_VARIABLE = YES;
				MACOSX_DEPLOYMENT_TARGET = 10.11;
				MTL_ENABLE_DEBUG_INFO = NO;
				SDKROOT = macosx;
			};
			name = Release;
		};
		0295FDBB1EBC644C009506CD /* Debug */ = {
			isa = XCBuildConfiguration;
			buildSettings = {
				PRODUCT_NAME = "$(TARGET_NAME)";
			};
			name = Debug;
		};
		0295FDBC1EBC644C009506CD /* Release */ = {
			isa = XCBuildConfiguration;
			buildSettings = {
				PRODUCT_NAME = "$(TARGET_NAME)";
			};
			name = Release;
		};
/* End XCBuildConfiguration section */

/* Begin XCConfigurationList section */
		0295FDAE1EBC644C009506CD /* Build configuration list for PBXProject "CS 110C Assignment 10: Birthdays" */ = {
			isa = XCConfigurationList;
			buildConfigurations = (
				0295FDB81EBC644C009506CD /* Debug */,
				0295FDB91EBC644C009506CD /* Release */,
			);
			defaultConfigurationIsVisible = 0;
			defaultConfigurationName = Release;
		};
		0295FDBA1EBC644C009506CD /* Build configuration list for PBXNativeTarget "CS 110C Assignment 10: Birthdays" */ = {
			isa = XCConfigurationList;
			buildConfigurations = (
				0295FDBB1EBC644C009506CD /* Debug */,
				0295FDBC1EBC644C009506CD /* Release */,
			);
			defaultConfigurationIsVisible = 0;
			defaultConfigurationName = Release;
		};
/* End XCConfigurationList section */
	};
	rootObject = 0295FDAB1EBC644C009506CD /* Project object */;
}
