// !$*UTF8*$!
{
	archiveVersion = 1;
	classes = {
	};
	objectVersion = 46;
	objects = {

/* Begin PBXBuildFile section */
		02F2AB881E425DDE00E8F969 /* main.cpp in Sources */ = {isa = PBXBuildFile; fileRef = 02F2AB871E425DDE00E8F969 /* main.cpp */; };
/* End PBXBuildFile section */

/* Begin PBXCopyFilesBuildPhase section */
		02F2AB821E425DDE00E8F969 /* CopyFiles */ = {
			isa = PBXCopyFilesBuildPhase;
			buildActionMask = 2147483647;
			dstPath = /usr/share/man/man1/;
			dstSubfolderSpec = 0;
			files = (
			);
			runOnlyForDeploymentPostprocessing = 1;
		};
/* End PBXCopyFilesBuildPhase section */

/* Begin PBXFileReference section */
		02F2AB841E425DDE00E8F969 /* CS 110C Assignment 2: Playlist */ = {isa = PBXFileReference; explicitFileType = "compiled.mach-o.executable"; includeInIndex = 0; path = "CS 110C Assignment 2: Playlist"; sourceTree = BUILT_PRODUCTS_DIR; };
		02F2AB871E425DDE00E8F969 /* main.cpp */ = {isa = PBXFileReference; lastKnownFileType = sourcecode.cpp.cpp; path = main.cpp; sourceTree = "<group>"; };
/* End PBXFileReference section */

/* Begin PBXFrameworksBuildPhase section */
		02F2AB811E425DDE00E8F969 /* Frameworks */ = {
			isa = PBXFrameworksBuildPhase;
			buildActionMask = 2147483647;
			files = (
			);
			runOnlyForDeploymentPostprocessing = 0;
		};
/* End PBXFrameworksBuildPhase section */

/* Begin PBXGroup section */
		02F2AB7B1E425DDE00E8F969 = {
			isa = PBXGroup;
			children = (
				02F2AB861E425DDE00E8F969 /* CS 110C Assignment 2: Playlist */,
				02F2AB851E425DDE00E8F969 /* Products */,
			);
			sourceTree = "<group>";
		};
		02F2AB851E425DDE00E8F969 /* Products */ = {
			isa = PBXGroup;
			children = (
				02F2AB841E425DDE00E8F969 /* CS 110C Assignment 2: Playlist */,
			);
			name = Products;
			sourceTree = "<group>";
		};
		02F2AB861E425DDE00E8F969 /* CS 110C Assignment 2: Playlist */ = {
			isa = PBXGroup;
			children = (
				02F2AB871E425DDE00E8F969 /* main.cpp */,
			);
			path = "CS 110C Assignment 2: Playlist";
			sourceTree = "<group>";
		};
/* End PBXGroup section */

/* Begin PBXNativeTarget section */
		02F2AB831E425DDE00E8F969 /* CS 110C Assignment 2: Playlist */ = {
			isa = PBXNativeTarget;
			buildConfigurationList = 02F2AB8B1E425DDE00E8F969 /* Build configuration list for PBXNativeTarget "CS 110C Assignment 2: Playlist" */;
			buildPhases = (
				02F2AB801E425DDE00E8F969 /* Sources */,
				02F2AB811E425DDE00E8F969 /* Frameworks */,
				02F2AB821E425DDE00E8F969 /* CopyFiles */,
			);
			buildRules = (
			);
			dependencies = (
			);
			name = "CS 110C Assignment 2: Playlist";
			productName = "CS 110C Assignment 2: Playlist";
			productReference = 02F2AB841E425DDE00E8F969 /* CS 110C Assignment 2: Playlist */;
			productType = "com.apple.product-type.tool";
		};
/* End PBXNativeTarget section */

/* Begin PBXProject section */
		02F2AB7C1E425DDE00E8F969 /* Project object */ = {
			isa = PBXProject;
			attributes = {
				LastUpgradeCheck = 0810;
				ORGANIZATIONNAME = "vasyl golub";
				TargetAttributes = {
					02F2AB831E425DDE00E8F969 = {
						CreatedOnToolsVersion = 8.1;
						ProvisioningStyle = Automatic;
					};
				};
			};
			buildConfigurationList = 02F2AB7F1E425DDE00E8F969 /* Build configuration list for PBXProject "CS 110C Assignment 2: Playlist" */;
			compatibilityVersion = "Xcode 3.2";
			developmentRegion = English;
			hasScannedForEncodings = 0;
			knownRegions = (
				en,
			);
			mainGroup = 02F2AB7B1E425DDE00E8F969;
			productRefGroup = 02F2AB851E425DDE00E8F969 /* Products */;
			projectDirPath = "";
			projectRoot = "";
			targets = (
				02F2AB831E425DDE00E8F969 /* CS 110C Assignment 2: Playlist */,
			);
		};
/* End PBXProject section */

/* Begin PBXSourcesBuildPhase section */
		02F2AB801E425DDE00E8F969 /* Sources */ = {
			isa = PBXSourcesBuildPhase;
			buildActionMask = 2147483647;
			files = (
				02F2AB881E425DDE00E8F969 /* main.cpp in Sources */,
			);
			runOnlyForDeploymentPostprocessing = 0;
		};
/* End PBXSourcesBuildPhase section */

/* Begin XCBuildConfiguration section */
		02F2AB891E425DDE00E8F969 /* Debug */ = {
			isa = XCBuildConfiguration;
			buildSettings = {
				ALWAYS_SEARCH_USER_PATHS = NO;
				CLANG_ANALYZER_NONNULL = YES;
				CLANG_CXX_LANGUAGE_STANDARD = "gnu++0x";
				CLANG_CXX_LIBRARY = "libc++";
				CLANG_ENABLE_MODULES = YES;
				CLANG_ENABLE_OBJC_ARC = YES;
				CLANG_WARN_BOOL_CONVERSION = YES;
				CLANG_WARN_CONSTANT_CONVERSION = YES;
				CLANG_WARN_DIRECT_OBJC_ISA_USAGE = YES_ERROR;
				CLANG_WARN_DOCUMENTATION_COMMENTS = YES;
				CLANG_WARN_EMPTY_BODY = YES;
				CLANG_WARN_ENUM_CONVERSION = YES;
				CLANG_WARN_INFINITE_RECURSION = YES;
				CLANG_WARN_INT_CONVERSION = YES;
				CLANG_WARN_OBJC_ROOT_CLASS = YES_ERROR;
				CLANG_WARN_SUSPICIOUS_MOVES = YES;
				CLANG_WARN_UNREACHABLE_CODE = YES;
				CLANG_WARN__DUPLICATE_METHOD_MATCH = YES;
				CODE_SIGN_IDENTITY = "-";
				COPY_PHASE_STRIP = NO;
				DEBUG_INFORMATION_FORMAT = dwarf;
				ENABLE_STRICT_OBJC_MSGSEND = YES;
				ENABLE_TESTABILITY = YES;
				GCC_C_LANGUAGE_STANDARD = gnu99;
				GCC_DYNAMIC_NO_PIC = NO;
				GCC_NO_COMMON_BLOCKS = YES;
				GCC_OPTIMIZATION_LEVEL = 0;
				GCC_PREPROCESSOR_DEFINITIONS = (
					"DEBUG=1",
					"$(inherited)",
				);
				GCC_WARN_64_TO_32_BIT_CONVERSION = YES;
				GCC_WARN_ABOUT_RETURN_TYPE = YES_ERROR;
				GCC_WARN_UNDECLARED_SELECTOR = YES;
				GCC_WARN_UNINITIALIZED_AUTOS = YES_AGGRESSIVE;
				GCC_WARN_UNUSED_FUNCTION = YES;
				GCC_WARN_UNUSED_VARIABLE = YES;
				MACOSX_DEPLOYMENT_TARGET = 10.11;
				MTL_ENABLE_DEBUG_INFO = YES;
				ONLY_ACTIVE_ARCH = YES;
				SDKROOT = macosx;
			};
			name = Debug;
		};
		02F2AB8A1E425DDE00E8F969 /* Release */ = {
			isa = XCBuildConfiguration;
			buildSettings = {
				ALWAYS_SEARCH_USER_PATHS = NO;
				CLANG_ANALYZER_NONNULL = YES;
				CLANG_CXX_LANGUAGE_STANDARD = "gnu++0x";
				CLANG_CXX_LIBRARY = "libc++";
				CLANG_ENABLE_MODULES = YES;
				CLANG_ENABLE_OBJC_ARC = YES;
				CLANG_WARN_BOOL_CONVERSION = YES;
				CLANG_WARN_CONSTANT_CONVERSION = YES;
				CLANG_WARN_DIRECT_OBJC_ISA_USAGE = YES_ERROR;
				CLANG_WARN_DOCUMENTATION_COMMENTS = YES;
				CLANG_WARN_EMPTY_BODY = YES;
				CLANG_WARN_ENUM_CONVERSION = YES;
				CLANG_WARN_INFINITE_RECURSION = YES;
				CLANG_WARN_INT_CONVERSION = YES;
				CLANG_WARN_OBJC_ROOT_CLASS = YES_ERROR;
				CLANG_WARN_SUSPICIOUS_MOVES = YES;
				CLANG_WARN_UNREACHABLE_CODE = YES;
				CLANG_WARN__DUPLICATE_METHOD_MATCH = YES;
				CODE_SIGN_IDENTITY = "-";
				COPY_PHASE_STRIP = NO;
				DEBUG_INFORMATION_FORMAT = "dwarf-with-dsym";
				ENABLE_NS_ASSERTIONS = NO;
				ENABLE_STRICT_OBJC_MSGSEND = YES;
				GCC_C_LANGUAGE_STANDARD = gnu99;
				GCC_NO_COMMON_BLOCKS = YES;
				GCC_WARN_64_TO_32_BIT_CONVERSION = YES;
				GCC_WARN_ABOUT_RETURN_TYPE = YES_ERROR;
				GCC_WARN_UNDECLARED_SELECTOR = YES;
				GCC_WARN_UNINITIALIZED_AUTOS = YES_AGGRESSIVE;
				GCC_WARN_UNUSED_FUNCTION = YES;
				GCC_WARN_UNUSED_VARIABLE = YES;
				MACOSX_DEPLOYMENT_TARGET = 10.11;
				MTL_ENABLE_DEBUG_INFO = NO;
				SDKROOT = macosx;
			};
			name = Release;
		};
		02F2AB8C1E425DDE00E8F969 /* Debug */ = {
			isa = XCBuildConfiguration;
			buildSettings = {
				PRODUCT_NAME = "$(TARGET_NAME)";
			};
			name = Debug;
		};
		02F2AB8D1E425DDE00E8F969 /* Release */ = {
			isa = XCBuildConfiguration;
			buildSettings = {
				PRODUCT_NAME = "$(TARGET_NAME)";
			};
			name = Release;
		};
/* End XCBuildConfiguration section */

/* Begin XCConfigurationList section */
		02F2AB7F1E425DDE00E8F969 /* Build configuration list for PBXProject "CS 110C Assignment 2: Playlist" */ = {
			isa = XCConfigurationList;
			buildConfigurations = (
				02F2AB891E425DDE00E8F969 /* Debug */,
				02F2AB8A1E425DDE00E8F969 /* Release */,
			);
			defaultConfigurationIsVisible = 0;
			defaultConfigurationName = Release;
		};
		02F2AB8B1E425DDE00E8F969 /* Build configuration list for PBXNativeTarget "CS 110C Assignment 2: Playlist" */ = {
			isa = XCConfigurationList;
			buildConfigurations = (
				02F2AB8C1E425DDE00E8F969 /* Debug */,
				02F2AB8D1E425DDE00E8F969 /* Release */,
			);
			defaultConfigurationIsVisible = 0;
		};
/* End XCConfigurationList section */
	};
	rootObject = 02F2AB7C1E425DDE00E8F969 /* Project object */;
}
